
Microsoft Visual Studio Solution File, Format Version 12.00
# Visual Studio Version 17
VisualStudioVersion = 17.8.34316.72
MinimumVisualStudioVersion = 10.0.40219.1
Project("{9A19103F-16F7-4668-BE54-9A1E7A4F7556}") = "PetStore", "PetStore\PetStore.csproj", "{77616AC8-1E1C-4AB2-A43D-EA9269CB1DEC}"
EndProject
Project("{FAE04EC0-301F-11D3-BF4B-00C04F79EFBC}") = "PetStore.Tests", "PetStore.Tests\PetStore.Tests.csproj", "{8B492A85-7963-4669-8506-65BABFD1A44D}"
EndProject
Global
	GlobalSection(SolutionConfigurationPlatforms) = preSolution
		Debug|Any CPU = Debug|Any CPU
		Release|Any CPU = Release|Any CPU
	EndGlobalSection
	GlobalSection(ProjectConfigurationPlatforms) = postSolution
		{77616AC8-1E1C-4AB2-A43D-EA9269CB1DEC}.Debug|Any CPU.ActiveCfg = Debug|Any CPU
		{77616AC8-1E1C-4AB2-A43D-EA9269CB1DEC}.Debug|Any CPU.Build.0 = Debug|Any CPU
		{77616AC8-1E1C-4AB2-A43D-EA9269CB1DEC}.Release|Any CPU.ActiveCfg = Release|Any CPU
		{77616AC8-1E1C-4AB2-A43D-EA9269CB1DEC}.Release|Any CPU.Build.0 = Release|Any CPU
		{8B492A85-7963-4669-8506-65BABFD1A44D}.Debug|Any CPU.ActiveCfg = Debug|Any CPU
		{8B492A85-7963-4669-8506-65BABFD1A44D}.Debug|Any CPU.Build.0 = Debug|Any CPU
		{8B492A85-7963-4669-8506-65BABFD1A44D}.Release|Any CPU.ActiveCfg = Release|Any CPU
		{8B492A85-7963-4669-8506-65BABFD1A44D}.Release|Any CPU.Build.0 = Release|Any CPU
	EndGlobalSection
	GlobalSection(SolutionProperties) = preSolution
		HideSolutionNode = FALSE
	EndGlobalSection
	GlobalSection(ExtensibilityGlobals) = postSolution
		SolutionGuid = {034C68E9-2A36-4072-90CD-4A9B36DD2812}
	EndGlobalSection
EndGlobal
